
Microsoft Visual Studio Solution File, Format Version 12.00
# Visual Studio Version 16
VisualStudioVersion = 16.0.29609.76
MinimumVisualStudioVersion = 10.0.40219.1
Project("{9A19103F-16F7-4668-BE54-9A1E7A4F7556}") = "Checkout", "Checkout\Checkout.csproj", "{82A2BEDC-4908-43F8-97E9-EDD87A3DF41A}"
EndProject
Project("{9A19103F-16F7-4668-BE54-9A1E7A4F7556}") = "Checkout.Tests", "Checkout.Tests\Checkout.Tests.csproj", "{57929E03-451E-407B-9966-BC4EC4A8E704}"
EndProject
Project("{2150E333-8FDC-42A3-9474-1A3956D46DE8}") = "Solution Items", "Solution Items", "{0582D740-10A0-4985-B7B2-6A825F437535}"
	ProjectSection(SolutionItems) = preProject
		README.md = README.md
	EndProjectSection
EndProject
Global
	GlobalSection(SolutionConfigurationPlatforms) = preSolution
		Debug|Any CPU = Debug|Any CPU
		Release|Any CPU = Release|Any CPU
	EndGlobalSection
	GlobalSection(ProjectConfigurationPlatforms) = postSolution
		{82A2BEDC-4908-43F8-97E9-EDD87A3DF41A}.Debug|Any CPU.ActiveCfg = Debug|Any CPU
		{82A2BEDC-4908-43F8-97E9-EDD87A3DF41A}.Debug|Any CPU.Build.0 = Debug|Any CPU
		{82A2BEDC-4908-43F8-97E9-EDD87A3DF41A}.Release|Any CPU.ActiveCfg = Release|Any CPU
		{82A2BEDC-4908-43F8-97E9-EDD87A3DF41A}.Release|Any CPU.Build.0 = Release|Any CPU
		{57929E03-451E-407B-9966-BC4EC4A8E704}.Debug|Any CPU.ActiveCfg = Debug|Any CPU
		{57929E03-451E-407B-9966-BC4EC4A8E704}.Debug|Any CPU.Build.0 = Debug|Any CPU
		{57929E03-451E-407B-9966-BC4EC4A8E704}.Release|Any CPU.ActiveCfg = Release|Any CPU
		{57929E03-451E-407B-9966-BC4EC4A8E704}.Release|Any CPU.Build.0 = Release|Any CPU
	EndGlobalSection
	GlobalSection(SolutionProperties) = preSolution
		HideSolutionNode = FALSE
	EndGlobalSection
	GlobalSection(ExtensibilityGlobals) = postSolution
		SolutionGuid = {31B04BDF-AA6E-4FAC-92A2-A9687DC93E0F}
	EndGlobalSection
EndGlobal
